// !$*UTF8*$!
{
	archiveVersion = 1;
	classes = {
	};
	objectVersion = 51;
	objects = {

/* Begin PBXBuildFile section */
		9D14DAD523C5FF4900156D0A /* ViewControllerTableCell.swift in Sources */ = {isa = PBXBuildFile; fileRef = 9D14DAD423C5FF4900156D0A /* ViewControllerTableCell.swift */; };
		9D14DAD723C6024C00156D0A /* ViewControllerTableCell2.swift in Sources */ = {isa = PBXBuildFile; fileRef = 9D14DAD623C6024C00156D0A /* ViewControllerTableCell2.swift */; };
		9D554F0323BDD43100B4D4D6 /* AppDelegate.swift in Sources */ = {isa = PBXBuildFile; fileRef = 9D554F0223BDD43100B4D4D6 /* AppDelegate.swift */; };
		9D554F0523BDD43100B4D4D6 /* SceneDelegate.swift in Sources */ = {isa = PBXBuildFile; fileRef = 9D554F0423BDD43100B4D4D6 /* SceneDelegate.swift */; };
		9D554F0723BDD43100B4D4D6 /* ViewController.swift in Sources */ = {isa = PBXBuildFile; fileRef = 9D554F0623BDD43100B4D4D6 /* ViewController.swift */; };
		9D554F0A23BDD43100B4D4D6 /* Main.storyboard in Resources */ = {isa = PBXBuildFile; fileRef = 9D554F0823BDD43100B4D4D6 /* Main.storyboard */; };
		9D554F0C23BDD43500B4D4D6 /* Assets.xcassets in Resources */ = {isa = PBXBuildFile; fileRef = 9D554F0B23BDD43500B4D4D6 /* Assets.xcassets */; };
		9D554F0F23BDD43500B4D4D6 /* LaunchScreen.storyboard in Resources */ = {isa = PBXBuildFile; fileRef = 9D554F0D23BDD43500B4D4D6 /* LaunchScreen.storyboard */; };
		9DAB666923C4AF5D000474B6 /* GoogleService-Info.plist in Resources */ = {isa = PBXBuildFile; fileRef = 9DAB666823C4AF5D000474B6 /* GoogleService-Info.plist */; };
		AD7B39D33C5D6BFFF1215DAC /* Pods_iosApp.framework in Frameworks */ = {isa = PBXBuildFile; fileRef = 0266A94097B2713E0BFBAAE2 /* Pods_iosApp.framework */; };
/* End PBXBuildFile section */

/* Begin PBXFileReference section */
		0266A94097B2713E0BFBAAE2 /* Pods_iosApp.framework */ = {isa = PBXFileReference; explicitFileType = wrapper.framework; includeInIndex = 0; path = Pods_iosApp.framework; sourceTree = BUILT_PRODUCTS_DIR; };
		74BE66C3D83FA50365E5FEFB /* Pods-iosApp.debug.xcconfig */ = {isa = PBXFileReference; includeInIndex = 1; lastKnownFileType = text.xcconfig; name = "Pods-iosApp.debug.xcconfig"; path = "Target Support Files/Pods-iosApp/Pods-iosApp.debug.xcconfig"; sourceTree = "<group>"; };
		9D14DAD423C5FF4900156D0A /* ViewControllerTableCell.swift */ = {isa = PBXFileReference; lastKnownFileType = sourcecode.swift; path = ViewControllerTableCell.swift; sourceTree = "<group>"; };
		9D14DAD623C6024C00156D0A /* ViewControllerTableCell2.swift */ = {isa = PBXFileReference; lastKnownFileType = sourcecode.swift; path = ViewControllerTableCell2.swift; sourceTree = "<group>"; };
		9D554EFF23BDD43100B4D4D6 /* iosApp.app */ = {isa = PBXFileReference; explicitFileType = wrapper.application; includeInIndex = 0; path = iosApp.app; sourceTree = BUILT_PRODUCTS_DIR; };
		9D554F0223BDD43100B4D4D6 /* AppDelegate.swift */ = {isa = PBXFileReference; lastKnownFileType = sourcecode.swift; path = AppDelegate.swift; sourceTree = "<group>"; };
		9D554F0423BDD43100B4D4D6 /* SceneDelegate.swift */ = {isa = PBXFileReference; lastKnownFileType = sourcecode.swift; path = SceneDelegate.swift; sourceTree = "<group>"; };
		9D554F0623BDD43100B4D4D6 /* ViewController.swift */ = {isa = PBXFileReference; lastKnownFileType = sourcecode.swift; path = ViewController.swift; sourceTree = "<group>"; };
		9D554F0923BDD43100B4D4D6 /* Base */ = {isa = PBXFileReference; lastKnownFileType = file.storyboard; name = Base; path = Base.lproj/Main.storyboard; sourceTree = "<group>"; };
		9D554F0B23BDD43500B4D4D6 /* Assets.xcassets */ = {isa = PBXFileReference; lastKnownFileType = folder.assetcatalog; path = Assets.xcassets; sourceTree = "<group>"; };
		9D554F0E23BDD43500B4D4D6 /* Base */ = {isa = PBXFileReference; lastKnownFileType = file.storyboard; name = Base; path = Base.lproj/LaunchScreen.storyboard; sourceTree = "<group>"; };
		9D554F1023BDD43500B4D4D6 /* Info.plist */ = {isa = PBXFileReference; lastKnownFileType = text.plist.xml; path = Info.plist; sourceTree = "<group>"; };
		9DAB666823C4AF5D000474B6 /* GoogleService-Info.plist */ = {isa = PBXFileReference; fileEncoding = 4; lastKnownFileType = text.plist.xml; name = "GoogleService-Info.plist"; path = "../../../Downloads/GoogleService-Info.plist"; sourceTree = "<group>"; };
		9EA18D0C624CD4C1C5BDAE4D /* Pods-iosApp.release.xcconfig */ = {isa = PBXFileReference; includeInIndex = 1; lastKnownFileType = text.xcconfig; name = "Pods-iosApp.release.xcconfig"; path = "Target Support Files/Pods-iosApp/Pods-iosApp.release.xcconfig"; sourceTree = "<group>"; };
/* End PBXFileReference section */

/* Begin PBXFrameworksBuildPhase section */
		9D554EFC23BDD43100B4D4D6 /* Frameworks */ = {
			isa = PBXFrameworksBuildPhase;
			buildActionMask = 2147483647;
			files = (
				AD7B39D33C5D6BFFF1215DAC /* Pods_iosApp.framework in Frameworks */,
			);
			runOnlyForDeploymentPostprocessing = 0;
		};
/* End PBXFrameworksBuildPhase section */

/* Begin PBXGroup section */
		125E0A5AE7FF96FB69609B8D /* Pods */ = {
			isa = PBXGroup;
			children = (
				74BE66C3D83FA50365E5FEFB /* Pods-iosApp.debug.xcconfig */,
				9EA18D0C624CD4C1C5BDAE4D /* Pods-iosApp.release.xcconfig */,
			);
			path = Pods;
			sourceTree = "<group>";
		};
		92FF1713FDC76A075D0130C7 /* Frameworks */ = {
			isa = PBXGroup;
			children = (
				0266A94097B2713E0BFBAAE2 /* Pods_iosApp.framework */,
			);
			name = Frameworks;
			sourceTree = "<group>";
		};
		9D554EF623BDD43100B4D4D6 = {
			isa = PBXGroup;
			children = (
				9DAB666823C4AF5D000474B6 /* GoogleService-Info.plist */,
				9D554F0123BDD43100B4D4D6 /* iosApp */,
				9D554F0023BDD43100B4D4D6 /* Products */,
				125E0A5AE7FF96FB69609B8D /* Pods */,
				92FF1713FDC76A075D0130C7 /* Frameworks */,
			);
			sourceTree = "<group>";
		};
		9D554F0023BDD43100B4D4D6 /* Products */ = {
			isa = PBXGroup;
			children = (
				9D554EFF23BDD43100B4D4D6 /* iosApp.app */,
			);
			name = Products;
			sourceTree = "<group>";
		};
		9D554F0123BDD43100B4D4D6 /* iosApp */ = {
			isa = PBXGroup;
			children = (
				9D554F0223BDD43100B4D4D6 /* AppDelegate.swift */,
				9D554F0423BDD43100B4D4D6 /* SceneDelegate.swift */,
				9D554F0623BDD43100B4D4D6 /* ViewController.swift */,
				9D554F0823BDD43100B4D4D6 /* Main.storyboard */,
				9D554F0B23BDD43500B4D4D6 /* Assets.xcassets */,
				9D554F0D23BDD43500B4D4D6 /* LaunchScreen.storyboard */,
				9D554F1023BDD43500B4D4D6 /* Info.plist */,
				9D14DAD423C5FF4900156D0A /* ViewControllerTableCell.swift */,
				9D14DAD623C6024C00156D0A /* ViewControllerTableCell2.swift */,
			);
			path = iosApp;
			sourceTree = "<group>";
		};
/* End PBXGroup section */

/* Begin PBXNativeTarget section */
		9D554EFE23BDD43100B4D4D6 /* iosApp */ = {
			isa = PBXNativeTarget;
			buildConfigurationList = 9D554F1323BDD43500B4D4D6 /* Build configuration list for PBXNativeTarget "iosApp" */;
			buildPhases = (
				22E6E707B5355E1894AC8527 /* [CP] Check Pods Manifest.lock */,
				9D554EFB23BDD43100B4D4D6 /* Sources */,
				9D554EFC23BDD43100B4D4D6 /* Frameworks */,
				9D554EFD23BDD43100B4D4D6 /* Resources */,
				0CCC95B437BE52BD5C27799D /* [CP] Embed Pods Frameworks */,
			);
			buildRules = (
			);
			dependencies = (
			);
			name = iosApp;
			productName = iosApp;
			productReference = 9D554EFF23BDD43100B4D4D6 /* iosApp.app */;
			productType = "com.apple.product-type.application";
		};
/* End PBXNativeTarget section */

/* Begin PBXProject section */
		9D554EF723BDD43100B4D4D6 /* Project object */ = {
			isa = PBXProject;
			attributes = {
				LastSwiftUpdateCheck = 1130;
				LastUpgradeCheck = 1130;
				ORGANIZATIONNAME = "Radoslaw Juszczyk";
				TargetAttributes = {
					9D554EFE23BDD43100B4D4D6 = {
						CreatedOnToolsVersion = 11.3;
					};
				};
			};
			buildConfigurationList = 9D554EFA23BDD43100B4D4D6 /* Build configuration list for PBXProject "iosApp" */;
			compatibilityVersion = "Xcode 9.3";
			developmentRegion = en;
			hasScannedForEncodings = 0;
			knownRegions = (
				en,
				Base,
			);
			mainGroup = 9D554EF623BDD43100B4D4D6;
			productRefGroup = 9D554F0023BDD43100B4D4D6 /* Products */;
			projectDirPath = "";
			projectRoot = "";
			targets = (
				9D554EFE23BDD43100B4D4D6 /* iosApp */,
			);
		};
/* End PBXProject section */

/* Begin PBXResourcesBuildPhase section */
		9D554EFD23BDD43100B4D4D6 /* Resources */ = {
			isa = PBXResourcesBuildPhase;
			buildActionMask = 2147483647;
			files = (
				9D554F0F23BDD43500B4D4D6 /* LaunchScreen.storyboard in Resources */,
				9DAB666923C4AF5D000474B6 /* GoogleService-Info.plist in Resources */,
				9D554F0C23BDD43500B4D4D6 /* Assets.xcassets in Resources */,
				9D554F0A23BDD43100B4D4D6 /* Main.storyboard in Resources */,
			);
			runOnlyForDeploymentPostprocessing = 0;
		};
/* End PBXResourcesBuildPhase section */

/* Begin PBXShellScriptBuildPhase section */
		0CCC95B437BE52BD5C27799D /* [CP] Embed Pods Frameworks */ = {
			isa = PBXShellScriptBuildPhase;
			buildActionMask = 2147483647;
			files = (
			);
			inputFileListPaths = (
				"${PODS_ROOT}/Target Support Files/Pods-iosApp/Pods-iosApp-frameworks-${CONFIGURATION}-input-files.xcfilelist",
			);
			name = "[CP] Embed Pods Frameworks";
			outputFileListPaths = (
				"${PODS_ROOT}/Target Support Files/Pods-iosApp/Pods-iosApp-frameworks-${CONFIGURATION}-output-files.xcfilelist",
			);
			runOnlyForDeploymentPostprocessing = 0;
			shellPath = /bin/sh;
			shellScript = "\"${PODS_ROOT}/Target Support Files/Pods-iosApp/Pods-iosApp-frameworks.sh\"\n";
			showEnvVarsInLog = 0;
		};
		22E6E707B5355E1894AC8527 /* [CP] Check Pods Manifest.lock */ = {
			isa = PBXShellScriptBuildPhase;
			buildActionMask = 2147483647;
			files = (
			);
			inputFileListPaths = (
			);
			inputPaths = (
				"${PODS_PODFILE_DIR_PATH}/Podfile.lock",
				"${PODS_ROOT}/Manifest.lock",
			);
			name = "[CP] Check Pods Manifest.lock";
			outputFileListPaths = (
			);
			outputPaths = (
				"$(DERIVED_FILE_DIR)/Pods-iosApp-checkManifestLockResult.txt",
			);
			runOnlyForDeploymentPostprocessing = 0;
			shellPath = /bin/sh;
			shellScript = "diff \"${PODS_PODFILE_DIR_PATH}/Podfile.lock\" \"${PODS_ROOT}/Manifest.lock\" > /dev/null\nif [ $? != 0 ] ; then\n    # print error to STDERR\n    echo \"error: The sandbox is not in sync with the Podfile.lock. Run 'pod install' or update your CocoaPods installation.\" >&2\n    exit 1\nfi\n# This output is used by Xcode 'outputs' to avoid re-running this script phase.\necho \"SUCCESS\" > \"${SCRIPT_OUTPUT_FILE_0}\"\n";
			showEnvVarsInLog = 0;
		};
/* End PBXShellScriptBuildPhase section */

/* Begin PBXSourcesBuildPhase section */
		9D554EFB23BDD43100B4D4D6 /* Sources */ = {
			isa = PBXSourcesBuildPhase;
			buildActionMask = 2147483647;
			files = (
				9D554F0723BDD43100B4D4D6 /* ViewController.swift in Sources */,
				9D554F0323BDD43100B4D4D6 /* AppDelegate.swift in Sources */,
				9D14DAD723C6024C00156D0A /* ViewControllerTableCell2.swift in Sources */,
				9D554F0523BDD43100B4D4D6 /* SceneDelegate.swift in Sources */,
				9D14DAD523C5FF4900156D0A /* ViewControllerTableCell.swift in Sources */,
			);
			runOnlyForDeploymentPostprocessing = 0;
		};
/* End PBXSourcesBuildPhase section */

/* Begin PBXVariantGroup section */
		9D554F0823BDD43100B4D4D6 /* Main.storyboard */ = {
			isa = PBXVariantGroup;
			children = (
				9D554F0923BDD43100B4D4D6 /* Base */,
			);
			name = Main.storyboard;
			sourceTree = "<group>";
		};
		9D554F0D23BDD43500B4D4D6 /* LaunchScreen.storyboard */ = {
			isa = PBXVariantGroup;
			children = (
				9D554F0E23BDD43500B4D4D6 /* Base */,
			);
			name = LaunchScreen.storyboard;
			sourceTree = "<group>";
		};
/* End PBXVariantGroup section */

/* Begin XCBuildConfiguration section */
		9D554F1123BDD43500B4D4D6 /* Debug */ = {
			isa = XCBuildConfiguration;
			buildSettings = {
				ALWAYS_SEARCH_USER_PATHS = NO;
				CLANG_ANALYZER_NONNULL = YES;
				CLANG_ANALYZER_NUMBER_OBJECT_CONVERSION = YES_AGGRESSIVE;
				CLANG_CXX_LANGUAGE_STANDARD = "gnu++14";
				CLANG_CXX_LIBRARY = "libc++";
				CLANG_ENABLE_MODULES = YES;
				CLANG_ENABLE_OBJC_ARC = YES;
				CLANG_ENABLE_OBJC_WEAK = YES;
				CLANG_WARN_BLOCK_CAPTURE_AUTORELEASING = YES;
				CLANG_WARN_BOOL_CONVERSION = YES;
				CLANG_WARN_COMMA = YES;
				CLANG_WARN_CONSTANT_CONVERSION = YES;
				CLANG_WARN_DEPRECATED_OBJC_IMPLEMENTATIONS = YES;
				CLANG_WARN_DIRECT_OBJC_ISA_USAGE = YES_ERROR;
				CLANG_WARN_DOCUMENTATION_COMMENTS = YES;
				CLANG_WARN_EMPTY_BODY = YES;
				CLANG_WARN_ENUM_CONVERSION = YES;
				CLANG_WARN_INFINITE_RECURSION = YES;
				CLANG_WARN_INT_CONVERSION = YES;
				CLANG_WARN_NON_LITERAL_NULL_CONVERSION = YES;
				CLANG_WARN_OBJC_IMPLICIT_RETAIN_SELF = YES;
				CLANG_WARN_OBJC_LITERAL_CONVERSION = YES;
				CLANG_WARN_OBJC_ROOT_CLASS = YES_ERROR;
				CLANG_WARN_RANGE_LOOP_ANALYSIS = YES;
				CLANG_WARN_STRICT_PROTOTYPES = YES;
				CLANG_WARN_SUSPICIOUS_MOVE = YES;
				CLANG_WARN_UNGUARDED_AVAILABILITY = YES_AGGRESSIVE;
				CLANG_WARN_UNREACHABLE_CODE = YES;
				CLANG_WARN__DUPLICATE_METHOD_MATCH = YES;
				COPY_PHASE_STRIP = NO;
				DEBUG_INFORMATION_FORMAT = dwarf;
				ENABLE_STRICT_OBJC_MSGSEND = YES;
				ENABLE_TESTABILITY = YES;
				GCC_C_LANGUAGE_STANDARD = gnu11;
				GCC_DYNAMIC_NO_PIC = NO;
				GCC_NO_COMMON_BLOCKS = YES;
				GCC_OPTIMIZATION_LEVEL = 0;
				GCC_PREPROCESSOR_DEFINITIONS = (
					"DEBUG=1",
					"$(inherited)",
				);
				GCC_WARN_64_TO_32_BIT_CONVERSION = YES;
				GCC_WARN_ABOUT_RETURN_TYPE = YES_ERROR;
				GCC_WARN_UNDECLARED_SELECTOR = YES;
				GCC_WARN_UNINITIALIZED_AUTOS = YES_AGGRESSIVE;
				GCC_WARN_UNUSED_FUNCTION = YES;
				GCC_WARN_UNUSED_VARIABLE = YES;
				IPHONEOS_DEPLOYMENT_TARGET = 13.2;
				MTL_ENABLE_DEBUG_INFO = INCLUDE_SOURCE;
				MTL_FAST_MATH = YES;
				ONLY_ACTIVE_ARCH = YES;
				SDKROOT = iphoneos;
				SWIFT_ACTIVE_COMPILATION_CONDITIONS = DEBUG;
				SWIFT_OPTIMIZATION_LEVEL = "-Onone";
			};
			name = Debug;
		};
		9D554F1223BDD43500B4D4D6 /* Release */ = {
			isa = XCBuildConfiguration;
			buildSettings = {
				ALWAYS_SEARCH_USER_PATHS = NO;
				CLANG_ANALYZER_NONNULL = YES;
				CLANG_ANALYZER_NUMBER_OBJECT_CONVERSION = YES_AGGRESSIVE;
				CLANG_CXX_LANGUAGE_STANDARD = "gnu++14";
				CLANG_CXX_LIBRARY = "libc++";
				CLANG_ENABLE_MODULES = YES;
				CLANG_ENABLE_OBJC_ARC = YES;
				CLANG_ENABLE_OBJC_WEAK = YES;
				CLANG_WARN_BLOCK_CAPTURE_AUTORELEASING = YES;
				CLANG_WARN_BOOL_CONVERSION = YES;
				CLANG_WARN_COMMA = YES;
				CLANG_WARN_CONSTANT_CONVERSION = YES;
				CLANG_WARN_DEPRECATED_OBJC_IMPLEMENTATIONS = YES;
				CLANG_WARN_DIRECT_OBJC_ISA_USAGE = YES_ERROR;
				CLANG_WARN_DOCUMENTATION_COMMENTS = YES;
				CLANG_WARN_EMPTY_BODY = YES;
				CLANG_WARN_ENUM_CONVERSION = YES;
				CLANG_WARN_INFINITE_RECURSION = YES;
				CLANG_WARN_INT_CONVERSION = YES;
				CLANG_WARN_NON_LITERAL_NULL_CONVERSION = YES;
				CLANG_WARN_OBJC_IMPLICIT_RETAIN_SELF = YES;
				CLANG_WARN_OBJC_LITERAL_CONVERSION = YES;
				CLANG_WARN_OBJC_ROOT_CLASS = YES_ERROR;
				CLANG_WARN_RANGE_LOOP_ANALYSIS = YES;
				CLANG_WARN_STRICT_PROTOTYPES = YES;
				CLANG_WARN_SUSPICIOUS_MOVE = YES;
				CLANG_WARN_UNGUARDED_AVAILABILITY = YES_AGGRESSIVE;
				CLANG_WARN_UNREACHABLE_CODE = YES;
				CLANG_WARN__DUPLICATE_METHOD_MATCH = YES;
				COPY_PHASE_STRIP = NO;
				DEBUG_INFORMATION_FORMAT = "dwarf-with-dsym";
				ENABLE_NS_ASSERTIONS = NO;
				ENABLE_STRICT_OBJC_MSGSEND = YES;
				GCC_C_LANGUAGE_STANDARD = gnu11;
				GCC_NO_COMMON_BLOCKS = YES;
				GCC_WARN_64_TO_32_BIT_CONVERSION = YES;
				GCC_WARN_ABOUT_RETURN_TYPE = YES_ERROR;
				GCC_WARN_UNDECLARED_SELECTOR = YES;
				GCC_WARN_UNINITIALIZED_AUTOS = YES_AGGRESSIVE;
				GCC_WARN_UNUSED_FUNCTION = YES;
				GCC_WARN_UNUSED_VARIABLE = YES;
				IPHONEOS_DEPLOYMENT_TARGET = 13.2;
				MTL_ENABLE_DEBUG_INFO = NO;
				MTL_FAST_MATH = YES;
				SDKROOT = iphoneos;
				SWIFT_COMPILATION_MODE = wholemodule;
				SWIFT_OPTIMIZATION_LEVEL = "-O";
				VALIDATE_PRODUCT = YES;
			};
			name = Release;
		};
		9D554F1423BDD43500B4D4D6 /* Debug */ = {
			isa = XCBuildConfiguration;
			baseConfigurationReference = 74BE66C3D83FA50365E5FEFB /* Pods-iosApp.debug.xcconfig */;
			buildSettings = {
				ASSETCATALOG_COMPILER_APPICON_NAME = AppIcon;
				CODE_SIGN_STYLE = Automatic;
				DEVELOPMENT_TEAM = 6B2GN3FRAK;
				INFOPLIST_FILE = iosApp/Info.plist;
				LD_RUNPATH_SEARCH_PATHS = (
					"$(inherited)",
					"@executable_path/Frameworks",
				);
				OTHER_LDFLAGS = (
					"$(inherited)",
					"-ObjC",
					"-l\"c++\"",
					"-framework",
					"\"shared\"",
					"-l\"sqlite3\"",
				);
				PRODUCT_BUNDLE_IDENTIFIER = pl.rjuszczyk.radeksmultiplatform.iosApp;
				PRODUCT_NAME = "$(TARGET_NAME)";
				SWIFT_VERSION = 5.0;
				TARGETED_DEVICE_FAMILY = "1,2";
			};
			name = Debug;
		};
		9D554F1523BDD43500B4D4D6 /* Release */ = {
			isa = XCBuildConfiguration;
			baseConfigurationReference = 9EA18D0C624CD4C1C5BDAE4D /* Pods-iosApp.release.xcconfig */;
			buildSettings = {
				ASSETCATALOG_COMPILER_APPICON_NAME = AppIcon;
				CODE_SIGN_STYLE = Automatic;
				DEVELOPMENT_TEAM = 6B2GN3FRAK;
				INFOPLIST_FILE = iosApp/Info.plist;
				LD_RUNPATH_SEARCH_PATHS = (
					"$(inherited)",
					"@executable_path/Frameworks",
				);
				OTHER_LDFLAGS = (
					"$(inherited)",
					"-ObjC",
					"-l\"c++\"",
					"-framework",
					"\"shared\"",
					"-l\"sqlite3\"",
				);
				PRODUCT_BUNDLE_IDENTIFIER = pl.rjuszczyk.radeksmultiplatform.iosApp;
				PRODUCT_NAME = "$(TARGET_NAME)";
				SWIFT_VERSION = 5.0;
				TARGETED_DEVICE_FAMILY = "1,2";
			};
			name = Release;
		};
/* End XCBuildConfiguration section */

/* Begin XCConfigurationList section */
		9D554EFA23BDD43100B4D4D6 /* Build configuration list for PBXProject "iosApp" */ = {
			isa = XCConfigurationList;
			buildConfigurations = (
				9D554F1123BDD43500B4D4D6 /* Debug */,
				9D554F1223BDD43500B4D4D6 /* Release */,
			);
			defaultConfigurationIsVisible = 0;
			defaultConfigurationName = Release;
		};
		9D554F1323BDD43500B4D4D6 /* Build configuration list for PBXNativeTarget "iosApp" */ = {
			isa = XCConfigurationList;
			buildConfigurations = (
				9D554F1423BDD43500B4D4D6 /* Debug */,
				9D554F1523BDD43500B4D4D6 /* Release */,
			);
			defaultConfigurationIsVisible = 0;
			defaultConfigurationName = Release;
		};
/* End XCConfigurationList section */
	};
	rootObject = 9D554EF723BDD43100B4D4D6 /* Project object */;
}
